
Microsoft Visual Studio Solution File, Format Version 12.00
# Visual Studio Version 16
VisualStudioVersion = 16.0.29519.87
MinimumVisualStudioVersion = 10.0.40219.1
Project("{FAE04EC0-301F-11D3-BF4B-00C04F79EFBC}") = "Poker Dice", "Poker Dice.csproj", "{EFA41987-0CD5-4E51-9D2A-94DFB3D4C0FB}"
EndProject
Global
	GlobalSection(SolutionConfigurationPlatforms) = preSolution
		Debug|Any CPU = Debug|Any CPU
		Release|Any CPU = Release|Any CPU
	EndGlobalSection
	GlobalSection(ProjectConfigurationPlatforms) = postSolution
		{EFA41987-0CD5-4E51-9D2A-94DFB3D4C0FB}.Debug|Any CPU.ActiveCfg = Debug|Any CPU
		{EFA41987-0CD5-4E51-9D2A-94DFB3D4C0FB}.Debug|Any CPU.Build.0 = Debug|Any CPU
		{EFA41987-0CD5-4E51-9D2A-94DFB3D4C0FB}.Release|Any CPU.ActiveCfg = Release|Any CPU
		{EFA41987-0CD5-4E51-9D2A-94DFB3D4C0FB}.Release|Any CPU.Build.0 = Release|Any CPU
	EndGlobalSection
	GlobalSection(SolutionProperties) = preSolution
		HideSolutionNode = FALSE
	EndGlobalSection
	GlobalSection(ExtensibilityGlobals) = postSolution
		SolutionGuid = {5EED5AB2-13F6-4D45-8DBC-F0336DA9DDB0}
	EndGlobalSection
EndGlobal
